// !$*UTF8*$!
{
	archiveVersion = 1;
	classes = {
	};
	objectVersion = 56;
	objects = {

/* Begin PBXBuildFile section */
		CE2652FB085EE71C410589D6 /* Pods_NeighStaGram.framework in Frameworks */ = {isa = PBXBuildFile; fileRef = 3E551622C73BDEF1B81F9915 /* Pods_NeighStaGram.framework */; };
		EC3ED98729C6603400D21CD3 /* GoogleService-Info.plist in Resources */ = {isa = PBXBuildFile; fileRef = EC3ED98629C6603400D21CD3 /* GoogleService-Info.plist */; };
		EC636C7829B0F199005B5D7A /* AppDelegate.swift in Sources */ = {isa = PBXBuildFile; fileRef = EC636C7729B0F199005B5D7A /* AppDelegate.swift */; };
		EC636C7A29B0F199005B5D7A /* SceneDelegate.swift in Sources */ = {isa = PBXBuildFile; fileRef = EC636C7929B0F199005B5D7A /* SceneDelegate.swift */; };
		EC636C8129B0F1A0005B5D7A /* Assets.xcassets in Resources */ = {isa = PBXBuildFile; fileRef = EC636C8029B0F1A0005B5D7A /* Assets.xcassets */; };
		EC636C8429B0F1A0005B5D7A /* LaunchScreen.storyboard in Resources */ = {isa = PBXBuildFile; fileRef = EC636C8229B0F1A0005B5D7A /* LaunchScreen.storyboard */; };
		EC636C9029B0F698005B5D7A /* LogInVC.swift in Sources */ = {isa = PBXBuildFile; fileRef = EC636C8F29B0F698005B5D7A /* LogInVC.swift */; };
		EC636C9229B0F77D005B5D7A /* SignUpVC.swift in Sources */ = {isa = PBXBuildFile; fileRef = EC636C9129B0F77D005B5D7A /* SignUpVC.swift */; };
		EC636C9429B0F878005B5D7A /* ResetVC.swift in Sources */ = {isa = PBXBuildFile; fileRef = EC636C9329B0F878005B5D7A /* ResetVC.swift */; };
		EC636C9729B0F9BA005B5D7A /* Constants.swift in Sources */ = {isa = PBXBuildFile; fileRef = EC636C9629B0F9BA005B5D7A /* Constants.swift */; };
		EC636C9929B0FD9E005B5D7A /* Labels.swift in Sources */ = {isa = PBXBuildFile; fileRef = EC636C9829B0FD9E005B5D7A /* Labels.swift */; };
		EC69C98829BFFC0A004F687E /* Info.swift in Sources */ = {isa = PBXBuildFile; fileRef = EC69C98729BFFC0A004F687E /* Info.swift */; };
		EC714FF929B91B6800E6C474 /* DataCell.xib in Resources */ = {isa = PBXBuildFile; fileRef = EC714FF829B91B6800E6C474 /* DataCell.xib */; };
		EC714FFB29B91B8F00E6C474 /* DataCell.swift in Sources */ = {isa = PBXBuildFile; fileRef = EC714FFA29B91B8F00E6C474 /* DataCell.swift */; };
		EC714FFD29BBD79200E6C474 /* PostVC.swift in Sources */ = {isa = PBXBuildFile; fileRef = EC714FFC29BBD79200E6C474 /* PostVC.swift */; };
		EC71500029BD515600E6C474 /* FirebaseStorage in Frameworks */ = {isa = PBXBuildFile; productRef = EC714FFF29BD515600E6C474 /* FirebaseStorage */; };
		ECCB5F3E29B7877B00124865 /* FirebaseAuth in Frameworks */ = {isa = PBXBuildFile; productRef = ECCB5F3D29B7877B00124865 /* FirebaseAuth */; };
		ECCB5F4029B7877B00124865 /* FirebaseFirestore in Frameworks */ = {isa = PBXBuildFile; productRef = ECCB5F3F29B7877B00124865 /* FirebaseFirestore */; };
		ECCB5F4229B78D2200124865 /* HomeVC.swift in Sources */ = {isa = PBXBuildFile; fileRef = ECCB5F4129B78D2200124865 /* HomeVC.swift */; };
		ECF26B1529B1A0E300025182 /* Edits.swift in Sources */ = {isa = PBXBuildFile; fileRef = ECF26B1429B1A0E300025182 /* Edits.swift */; };
		ECF26B1A29B40A9F00025182 /* TextField.swift in Sources */ = {isa = PBXBuildFile; fileRef = ECF26B1929B40A9F00025182 /* TextField.swift */; };
		ECF26B1C29B4E3DD00025182 /* button.swift in Sources */ = {isa = PBXBuildFile; fileRef = ECF26B1B29B4E3DD00025182 /* button.swift */; };
/* End PBXBuildFile section */

/* Begin PBXFileReference section */
		249D0231A27156797927951E /* Pods-NeighStaGram.release.xcconfig */ = {isa = PBXFileReference; includeInIndex = 1; lastKnownFileType = text.xcconfig; name = "Pods-NeighStaGram.release.xcconfig"; path = "Target Support Files/Pods-NeighStaGram/Pods-NeighStaGram.release.xcconfig"; sourceTree = "<group>"; };
		3E551622C73BDEF1B81F9915 /* Pods_NeighStaGram.framework */ = {isa = PBXFileReference; explicitFileType = wrapper.framework; includeInIndex = 0; path = Pods_NeighStaGram.framework; sourceTree = BUILT_PRODUCTS_DIR; };
		8378A78B8FAB6B5D730A7A69 /* Pods-NeighStaGram.debug.xcconfig */ = {isa = PBXFileReference; includeInIndex = 1; lastKnownFileType = text.xcconfig; name = "Pods-NeighStaGram.debug.xcconfig"; path = "Target Support Files/Pods-NeighStaGram/Pods-NeighStaGram.debug.xcconfig"; sourceTree = "<group>"; };
		EC3ED98629C6603400D21CD3 /* GoogleService-Info.plist */ = {isa = PBXFileReference; fileEncoding = 4; lastKnownFileType = text.plist.xml; path = "GoogleService-Info.plist"; sourceTree = "<group>"; };
		EC636C7429B0F199005B5D7A /* NeighStaGram.app */ = {isa = PBXFileReference; explicitFileType = wrapper.application; includeInIndex = 0; path = NeighStaGram.app; sourceTree = BUILT_PRODUCTS_DIR; };
		EC636C7729B0F199005B5D7A /* AppDelegate.swift */ = {isa = PBXFileReference; lastKnownFileType = sourcecode.swift; path = AppDelegate.swift; sourceTree = "<group>"; };
		EC636C7929B0F199005B5D7A /* SceneDelegate.swift */ = {isa = PBXFileReference; lastKnownFileType = sourcecode.swift; path = SceneDelegate.swift; sourceTree = "<group>"; };
		EC636C8029B0F1A0005B5D7A /* Assets.xcassets */ = {isa = PBXFileReference; lastKnownFileType = folder.assetcatalog; path = Assets.xcassets; sourceTree = "<group>"; };
		EC636C8329B0F1A0005B5D7A /* Base */ = {isa = PBXFileReference; lastKnownFileType = file.storyboard; name = Base; path = Base.lproj/LaunchScreen.storyboard; sourceTree = "<group>"; };
		EC636C8529B0F1A0005B5D7A /* Info.plist */ = {isa = PBXFileReference; lastKnownFileType = text.plist.xml; path = Info.plist; sourceTree = "<group>"; };
		EC636C8F29B0F698005B5D7A /* LogInVC.swift */ = {isa = PBXFileReference; lastKnownFileType = sourcecode.swift; path = LogInVC.swift; sourceTree = "<group>"; };
		EC636C9129B0F77D005B5D7A /* SignUpVC.swift */ = {isa = PBXFileReference; lastKnownFileType = sourcecode.swift; path = SignUpVC.swift; sourceTree = "<group>"; };
		EC636C9329B0F878005B5D7A /* ResetVC.swift */ = {isa = PBXFileReference; lastKnownFileType = sourcecode.swift; path = ResetVC.swift; sourceTree = "<group>"; };
		EC636C9629B0F9BA005B5D7A /* Constants.swift */ = {isa = PBXFileReference; lastKnownFileType = sourcecode.swift; path = Constants.swift; sourceTree = "<group>"; };
		EC636C9829B0FD9E005B5D7A /* Labels.swift */ = {isa = PBXFileReference; lastKnownFileType = sourcecode.swift; path = Labels.swift; sourceTree = "<group>"; };
		EC69C98729BFFC0A004F687E /* Info.swift */ = {isa = PBXFileReference; lastKnownFileType = sourcecode.swift; path = Info.swift; sourceTree = "<group>"; };
		EC714FF829B91B6800E6C474 /* DataCell.xib */ = {isa = PBXFileReference; fileEncoding = 4; lastKnownFileType = file.xib; path = DataCell.xib; sourceTree = "<group>"; };
		EC714FFA29B91B8F00E6C474 /* DataCell.swift */ = {isa = PBXFileReference; lastKnownFileType = sourcecode.swift; path = DataCell.swift; sourceTree = "<group>"; };
		EC714FFC29BBD79200E6C474 /* PostVC.swift */ = {isa = PBXFileReference; lastKnownFileType = sourcecode.swift; path = PostVC.swift; sourceTree = "<group>"; };
		ECCB5F4129B78D2200124865 /* HomeVC.swift */ = {isa = PBXFileReference; lastKnownFileType = sourcecode.swift; path = HomeVC.swift; sourceTree = "<group>"; };
		ECF26B1429B1A0E300025182 /* Edits.swift */ = {isa = PBXFileReference; lastKnownFileType = sourcecode.swift; path = Edits.swift; sourceTree = "<group>"; };
		ECF26B1929B40A9F00025182 /* TextField.swift */ = {isa = PBXFileReference; lastKnownFileType = sourcecode.swift; path = TextField.swift; sourceTree = "<group>"; };
		ECF26B1B29B4E3DD00025182 /* button.swift */ = {isa = PBXFileReference; lastKnownFileType = sourcecode.swift; path = button.swift; sourceTree = "<group>"; };
/* End PBXFileReference section */

/* Begin PBXFrameworksBuildPhase section */
		EC636C7129B0F199005B5D7A /* Frameworks */ = {
			isa = PBXFrameworksBuildPhase;
			buildActionMask = 2147483647;
			files = (
				ECCB5F3E29B7877B00124865 /* FirebaseAuth in Frameworks */,
				ECCB5F4029B7877B00124865 /* FirebaseFirestore in Frameworks */,
				EC71500029BD515600E6C474 /* FirebaseStorage in Frameworks */,
				CE2652FB085EE71C410589D6 /* Pods_NeighStaGram.framework in Frameworks */,
			);
			runOnlyForDeploymentPostprocessing = 0;
		};
/* End PBXFrameworksBuildPhase section */

/* Begin PBXGroup section */
		BF975DE8FF720ED1D7C0F19A /* Pods */ = {
			isa = PBXGroup;
			children = (
				8378A78B8FAB6B5D730A7A69 /* Pods-NeighStaGram.debug.xcconfig */,
				249D0231A27156797927951E /* Pods-NeighStaGram.release.xcconfig */,
			);
			name = Pods;
			path = Pods;
			sourceTree = "<group>";
		};
		EC636C6B29B0F199005B5D7A = {
			isa = PBXGroup;
			children = (
				EC636C7629B0F199005B5D7A /* NeighStaGram */,
				EC636C7529B0F199005B5D7A /* Products */,
				EC714FFE29BD515500E6C474 /* Frameworks */,
				BF975DE8FF720ED1D7C0F19A /* Pods */,
			);
			sourceTree = "<group>";
		};
		EC636C7529B0F199005B5D7A /* Products */ = {
			isa = PBXGroup;
			children = (
				EC636C7429B0F199005B5D7A /* NeighStaGram.app */,
			);
			name = Products;
			sourceTree = "<group>";
		};
		EC636C7629B0F199005B5D7A /* NeighStaGram */ = {
			isa = PBXGroup;
			children = (
				EC636C9529B0F99C005B5D7A /* Resources */,
				EC636C8E29B0F427005B5D7A /* Managers */,
				EC636C8D29B0F3D4005B5D7A /* ViewModels */,
				EC636C8C29B0F3CB005B5D7A /* View */,
				EC636C8B29B0F3BC005B5D7A /* Models */,
				EC636C7729B0F199005B5D7A /* AppDelegate.swift */,
				EC636C7929B0F199005B5D7A /* SceneDelegate.swift */,
				EC636C8029B0F1A0005B5D7A /* Assets.xcassets */,
				EC636C8229B0F1A0005B5D7A /* LaunchScreen.storyboard */,
				EC3ED98629C6603400D21CD3 /* GoogleService-Info.plist */,
				EC636C8529B0F1A0005B5D7A /* Info.plist */,
			);
			path = NeighStaGram;
			sourceTree = "<group>";
		};
		EC636C8B29B0F3BC005B5D7A /* Models */ = {
			isa = PBXGroup;
			children = (
				EC69C98729BFFC0A004F687E /* Info.swift */,
			);
			path = Models;
			sourceTree = "<group>";
		};
		EC636C8C29B0F3CB005B5D7A /* View */ = {
			isa = PBXGroup;
			children = (
				EC636C8F29B0F698005B5D7A /* LogInVC.swift */,
				EC636C9129B0F77D005B5D7A /* SignUpVC.swift */,
				EC636C9329B0F878005B5D7A /* ResetVC.swift */,
				EC714FFC29BBD79200E6C474 /* PostVC.swift */,
				ECCB5F4129B78D2200124865 /* HomeVC.swift */,
			);
			path = View;
			sourceTree = "<group>";
		};
		EC636C8D29B0F3D4005B5D7A /* ViewModels */ = {
			isa = PBXGroup;
			children = (
				EC714FF829B91B6800E6C474 /* DataCell.xib */,
				EC714FFA29B91B8F00E6C474 /* DataCell.swift */,
			);
			path = ViewModels;
			sourceTree = "<group>";
		};
		EC636C8E29B0F427005B5D7A /* Managers */ = {
			isa = PBXGroup;
			children = (
			);
			path = Managers;
			sourceTree = "<group>";
		};
		EC636C9529B0F99C005B5D7A /* Resources */ = {
			isa = PBXGroup;
			children = (
				ECF26B1629B22EEE00025182 /* UIkitDesign */,
				EC636C9629B0F9BA005B5D7A /* Constants.swift */,
				ECF26B1429B1A0E300025182 /* Edits.swift */,
			);
			path = Resources;
			sourceTree = "<group>";
		};
		EC714FFE29BD515500E6C474 /* Frameworks */ = {
			isa = PBXGroup;
			children = (
				3E551622C73BDEF1B81F9915 /* Pods_NeighStaGram.framework */,
			);
			name = Frameworks;
			sourceTree = "<group>";
		};
		ECF26B1629B22EEE00025182 /* UIkitDesign */ = {
			isa = PBXGroup;
			children = (
				EC636C9829B0FD9E005B5D7A /* Labels.swift */,
				ECF26B1929B40A9F00025182 /* TextField.swift */,
				ECF26B1B29B4E3DD00025182 /* button.swift */,
			);
			path = UIkitDesign;
			sourceTree = "<group>";
		};
/* End PBXGroup section */

/* Begin PBXNativeTarget section */
		EC636C7329B0F199005B5D7A /* NeighStaGram */ = {
			isa = PBXNativeTarget;
			buildConfigurationList = EC636C8829B0F1A0005B5D7A /* Build configuration list for PBXNativeTarget "NeighStaGram" */;
			buildPhases = (
				F6063944B5C2A6E0194E3F42 /* [CP] Check Pods Manifest.lock */,
				EC636C7029B0F199005B5D7A /* Sources */,
				EC636C7129B0F199005B5D7A /* Frameworks */,
				EC636C7229B0F199005B5D7A /* Resources */,
				E73F7F35F4DA5FE3E23388A6 /* [CP] Embed Pods Frameworks */,
			);
			buildRules = (
			);
			dependencies = (
			);
			name = NeighStaGram;
			packageProductDependencies = (
				ECCB5F3D29B7877B00124865 /* FirebaseAuth */,
				ECCB5F3F29B7877B00124865 /* FirebaseFirestore */,
				EC714FFF29BD515600E6C474 /* FirebaseStorage */,
			);
			productName = NeighStaGram;
			productReference = EC636C7429B0F199005B5D7A /* NeighStaGram.app */;
			productType = "com.apple.product-type.application";
		};
/* End PBXNativeTarget section */

/* Begin PBXProject section */
		EC636C6C29B0F199005B5D7A /* Project object */ = {
			isa = PBXProject;
			attributes = {
				BuildIndependentTargetsInParallel = 1;
				LastSwiftUpdateCheck = 1420;
				LastUpgradeCheck = 1420;
				TargetAttributes = {
					EC636C7329B0F199005B5D7A = {
						CreatedOnToolsVersion = 14.2;
					};
				};
			};
			buildConfigurationList = EC636C6F29B0F199005B5D7A /* Build configuration list for PBXProject "NeighStaGram" */;
			compatibilityVersion = "Xcode 14.0";
			developmentRegion = en;
			hasScannedForEncodings = 0;
			knownRegions = (
				en,
				Base,
			);
			mainGroup = EC636C6B29B0F199005B5D7A;
			packageReferences = (
				ECCB5F3C29B7877A00124865 /* XCRemoteSwiftPackageReference "firebase-ios-sdk" */,
			);
			productRefGroup = EC636C7529B0F199005B5D7A /* Products */;
			projectDirPath = "";
			projectRoot = "";
			targets = (
				EC636C7329B0F199005B5D7A /* NeighStaGram */,
			);
		};
/* End PBXProject section */

/* Begin PBXResourcesBuildPhase section */
		EC636C7229B0F199005B5D7A /* Resources */ = {
			isa = PBXResourcesBuildPhase;
			buildActionMask = 2147483647;
			files = (
				EC636C8429B0F1A0005B5D7A /* LaunchScreen.storyboard in Resources */,
				EC3ED98729C6603400D21CD3 /* GoogleService-Info.plist in Resources */,
				EC714FF929B91B6800E6C474 /* DataCell.xib in Resources */,
				EC636C8129B0F1A0005B5D7A /* Assets.xcassets in Resources */,
			);
			runOnlyForDeploymentPostprocessing = 0;
		};
/* End PBXResourcesBuildPhase section */

/* Begin PBXShellScriptBuildPhase section */
		E73F7F35F4DA5FE3E23388A6 /* [CP] Embed Pods Frameworks */ = {
			isa = PBXShellScriptBuildPhase;
			buildActionMask = 2147483647;
			files = (
			);
			inputFileListPaths = (
				"${PODS_ROOT}/Target Support Files/Pods-NeighStaGram/Pods-NeighStaGram-frameworks-${CONFIGURATION}-input-files.xcfilelist",
			);
			name = "[CP] Embed Pods Frameworks";
			outputFileListPaths = (
				"${PODS_ROOT}/Target Support Files/Pods-NeighStaGram/Pods-NeighStaGram-frameworks-${CONFIGURATION}-output-files.xcfilelist",
			);
			runOnlyForDeploymentPostprocessing = 0;
			shellPath = /bin/sh;
			shellScript = "\"${PODS_ROOT}/Target Support Files/Pods-NeighStaGram/Pods-NeighStaGram-frameworks.sh\"\n";
			showEnvVarsInLog = 0;
		};
		F6063944B5C2A6E0194E3F42 /* [CP] Check Pods Manifest.lock */ = {
			isa = PBXShellScriptBuildPhase;
			buildActionMask = 2147483647;
			files = (
			);
			inputFileListPaths = (
			);
			inputPaths = (
				"${PODS_PODFILE_DIR_PATH}/Podfile.lock",
				"${PODS_ROOT}/Manifest.lock",
			);
			name = "[CP] Check Pods Manifest.lock";
			outputFileListPaths = (
			);
			outputPaths = (
				"$(DERIVED_FILE_DIR)/Pods-NeighStaGram-checkManifestLockResult.txt",
			);
			runOnlyForDeploymentPostprocessing = 0;
			shellPath = /bin/sh;
			shellScript = "diff \"${PODS_PODFILE_DIR_PATH}/Podfile.lock\" \"${PODS_ROOT}/Manifest.lock\" > /dev/null\nif [ $? != 0 ] ; then\n    # print error to STDERR\n    echo \"error: The sandbox is not in sync with the Podfile.lock. Run 'pod install' or update your CocoaPods installation.\" >&2\n    exit 1\nfi\n# This output is used by Xcode 'outputs' to avoid re-running this script phase.\necho \"SUCCESS\" > \"${SCRIPT_OUTPUT_FILE_0}\"\n";
			showEnvVarsInLog = 0;
		};
/* End PBXShellScriptBuildPhase section */

/* Begin PBXSourcesBuildPhase section */
		EC636C7029B0F199005B5D7A /* Sources */ = {
			isa = PBXSourcesBuildPhase;
			buildActionMask = 2147483647;
			files = (
				EC714FFB29B91B8F00E6C474 /* DataCell.swift in Sources */,
				EC636C9429B0F878005B5D7A /* ResetVC.swift in Sources */,
				ECF26B1C29B4E3DD00025182 /* button.swift in Sources */,
				EC69C98829BFFC0A004F687E /* Info.swift in Sources */,
				EC714FFD29BBD79200E6C474 /* PostVC.swift in Sources */,
				EC636C9229B0F77D005B5D7A /* SignUpVC.swift in Sources */,
				EC636C7829B0F199005B5D7A /* AppDelegate.swift in Sources */,
				EC636C9929B0FD9E005B5D7A /* Labels.swift in Sources */,
				EC636C7A29B0F199005B5D7A /* SceneDelegate.swift in Sources */,
				EC636C9029B0F698005B5D7A /* LogInVC.swift in Sources */,
				ECF26B1A29B40A9F00025182 /* TextField.swift in Sources */,
				ECCB5F4229B78D2200124865 /* HomeVC.swift in Sources */,
				ECF26B1529B1A0E300025182 /* Edits.swift in Sources */,
				EC636C9729B0F9BA005B5D7A /* Constants.swift in Sources */,
			);
			runOnlyForDeploymentPostprocessing = 0;
		};
/* End PBXSourcesBuildPhase section */

/* Begin PBXVariantGroup section */
		EC636C8229B0F1A0005B5D7A /* LaunchScreen.storyboard */ = {
			isa = PBXVariantGroup;
			children = (
				EC636C8329B0F1A0005B5D7A /* Base */,
			);
			name = LaunchScreen.storyboard;
			sourceTree = "<group>";
		};
/* End PBXVariantGroup section */

/* Begin XCBuildConfiguration section */
		EC636C8629B0F1A0005B5D7A /* Debug */ = {
			isa = XCBuildConfiguration;
			buildSettings = {
				ALWAYS_SEARCH_USER_PATHS = NO;
				CLANG_ANALYZER_NONNULL = YES;
				CLANG_ANALYZER_NUMBER_OBJECT_CONVERSION = YES_AGGRESSIVE;
				CLANG_CXX_LANGUAGE_STANDARD = "gnu++20";
				CLANG_ENABLE_MODULES = YES;
				CLANG_ENABLE_OBJC_ARC = YES;
				CLANG_ENABLE_OBJC_WEAK = YES;
				CLANG_WARN_BLOCK_CAPTURE_AUTORELEASING = YES;
				CLANG_WARN_BOOL_CONVERSION = YES;
				CLANG_WARN_COMMA = YES;
				CLANG_WARN_CONSTANT_CONVERSION = YES;
				CLANG_WARN_DEPRECATED_OBJC_IMPLEMENTATIONS = YES;
				CLANG_WARN_DIRECT_OBJC_ISA_USAGE = YES_ERROR;
				CLANG_WARN_DOCUMENTATION_COMMENTS = YES;
				CLANG_WARN_EMPTY_BODY = YES;
				CLANG_WARN_ENUM_CONVERSION = YES;
				CLANG_WARN_INFINITE_RECURSION = YES;
				CLANG_WARN_INT_CONVERSION = YES;
				CLANG_WARN_NON_LITERAL_NULL_CONVERSION = YES;
				CLANG_WARN_OBJC_IMPLICIT_RETAIN_SELF = YES;
				CLANG_WARN_OBJC_LITERAL_CONVERSION = YES;
				CLANG_WARN_OBJC_ROOT_CLASS = YES_ERROR;
				CLANG_WARN_QUOTED_INCLUDE_IN_FRAMEWORK_HEADER = YES;
				CLANG_WARN_RANGE_LOOP_ANALYSIS = YES;
				CLANG_WARN_STRICT_PROTOTYPES = YES;
				CLANG_WARN_SUSPICIOUS_MOVE = YES;
				CLANG_WARN_UNGUARDED_AVAILABILITY = YES_AGGRESSIVE;
				CLANG_WARN_UNREACHABLE_CODE = YES;
				CLANG_WARN__DUPLICATE_METHOD_MATCH = YES;
				COPY_PHASE_STRIP = NO;
				DEBUG_INFORMATION_FORMAT = dwarf;
				ENABLE_STRICT_OBJC_MSGSEND = YES;
				ENABLE_TESTABILITY = YES;
				GCC_C_LANGUAGE_STANDARD = gnu11;
				GCC_DYNAMIC_NO_PIC = NO;
				GCC_NO_COMMON_BLOCKS = YES;
				GCC_OPTIMIZATION_LEVEL = 0;
				GCC_PREPROCESSOR_DEFINITIONS = (
					"DEBUG=1",
					"$(inherited)",
				);
				GCC_WARN_64_TO_32_BIT_CONVERSION = YES;
				GCC_WARN_ABOUT_RETURN_TYPE = YES_ERROR;
				GCC_WARN_UNDECLARED_SELECTOR = YES;
				GCC_WARN_UNINITIALIZED_AUTOS = YES_AGGRESSIVE;
				GCC_WARN_UNUSED_FUNCTION = YES;
				GCC_WARN_UNUSED_VARIABLE = YES;
				IPHONEOS_DEPLOYMENT_TARGET = 16.2;
				MTL_ENABLE_DEBUG_INFO = INCLUDE_SOURCE;
				MTL_FAST_MATH = YES;
				ONLY_ACTIVE_ARCH = YES;
				SDKROOT = iphoneos;
				SWIFT_ACTIVE_COMPILATION_CONDITIONS = DEBUG;
				SWIFT_OPTIMIZATION_LEVEL = "-Onone";
			};
			name = Debug;
		};
		EC636C8729B0F1A0005B5D7A /* Release */ = {
			isa = XCBuildConfiguration;
			buildSettings = {
				ALWAYS_SEARCH_USER_PATHS = NO;
				CLANG_ANALYZER_NONNULL = YES;
				CLANG_ANALYZER_NUMBER_OBJECT_CONVERSION = YES_AGGRESSIVE;
				CLANG_CXX_LANGUAGE_STANDARD = "gnu++20";
				CLANG_ENABLE_MODULES = YES;
				CLANG_ENABLE_OBJC_ARC = YES;
				CLANG_ENABLE_OBJC_WEAK = YES;
				CLANG_WARN_BLOCK_CAPTURE_AUTORELEASING = YES;
				CLANG_WARN_BOOL_CONVERSION = YES;
				CLANG_WARN_COMMA = YES;
				CLANG_WARN_CONSTANT_CONVERSION = YES;
				CLANG_WARN_DEPRECATED_OBJC_IMPLEMENTATIONS = YES;
				CLANG_WARN_DIRECT_OBJC_ISA_USAGE = YES_ERROR;
				CLANG_WARN_DOCUMENTATION_COMMENTS = YES;
				CLANG_WARN_EMPTY_BODY = YES;
				CLANG_WARN_ENUM_CONVERSION = YES;
				CLANG_WARN_INFINITE_RECURSION = YES;
				CLANG_WARN_INT_CONVERSION = YES;
				CLANG_WARN_NON_LITERAL_NULL_CONVERSION = YES;
				CLANG_WARN_OBJC_IMPLICIT_RETAIN_SELF = YES;
				CLANG_WARN_OBJC_LITERAL_CONVERSION = YES;
				CLANG_WARN_OBJC_ROOT_CLASS = YES_ERROR;
				CLANG_WARN_QUOTED_INCLUDE_IN_FRAMEWORK_HEADER = YES;
				CLANG_WARN_RANGE_LOOP_ANALYSIS = YES;
				CLANG_WARN_STRICT_PROTOTYPES = YES;
				CLANG_WARN_SUSPICIOUS_MOVE = YES;
				CLANG_WARN_UNGUARDED_AVAILABILITY = YES_AGGRESSIVE;
				CLANG_WARN_UNREACHABLE_CODE = YES;
				CLANG_WARN__DUPLICATE_METHOD_MATCH = YES;
				COPY_PHASE_STRIP = NO;
				DEBUG_INFORMATION_FORMAT = "dwarf-with-dsym";
				ENABLE_NS_ASSERTIONS = NO;
				ENABLE_STRICT_OBJC_MSGSEND = YES;
				GCC_C_LANGUAGE_STANDARD = gnu11;
				GCC_NO_COMMON_BLOCKS = YES;
				GCC_WARN_64_TO_32_BIT_CONVERSION = YES;
				GCC_WARN_ABOUT_RETURN_TYPE = YES_ERROR;
				GCC_WARN_UNDECLARED_SELECTOR = YES;
				GCC_WARN_UNINITIALIZED_AUTOS = YES_AGGRESSIVE;
				GCC_WARN_UNUSED_FUNCTION = YES;
				GCC_WARN_UNUSED_VARIABLE = YES;
				IPHONEOS_DEPLOYMENT_TARGET = 16.2;
				MTL_ENABLE_DEBUG_INFO = NO;
				MTL_FAST_MATH = YES;
				SDKROOT = iphoneos;
				SWIFT_COMPILATION_MODE = wholemodule;
				SWIFT_OPTIMIZATION_LEVEL = "-O";
				VALIDATE_PRODUCT = YES;
			};
			name = Release;
		};
		EC636C8929B0F1A0005B5D7A /* Debug */ = {
			isa = XCBuildConfiguration;
			baseConfigurationReference = 8378A78B8FAB6B5D730A7A69 /* Pods-NeighStaGram.debug.xcconfig */;
			buildSettings = {
				ASSETCATALOG_COMPILER_APPICON_NAME = AppIcon;
				ASSETCATALOG_COMPILER_GLOBAL_ACCENT_COLOR_NAME = AccentColor;
				CODE_SIGN_STYLE = Automatic;
				CURRENT_PROJECT_VERSION = 1;
				DEVELOPMENT_TEAM = VQ86CX5QSX;
				GENERATE_INFOPLIST_FILE = YES;
				INFOPLIST_FILE = NeighStaGram/Info.plist;
				INFOPLIST_KEY_CFBundleDisplayName = NeighStaGram;
				INFOPLIST_KEY_UIApplicationSupportsIndirectInputEvents = YES;
				INFOPLIST_KEY_UILaunchStoryboardName = LaunchScreen;
				INFOPLIST_KEY_UISupportedInterfaceOrientations_iPad = "UIInterfaceOrientationPortrait UIInterfaceOrientationPortraitUpsideDown UIInterfaceOrientationLandscapeLeft UIInterfaceOrientationLandscapeRight";
				INFOPLIST_KEY_UISupportedInterfaceOrientations_iPhone = "UIInterfaceOrientationPortrait UIInterfaceOrientationLandscapeLeft UIInterfaceOrientationLandscapeRight";
				LD_RUNPATH_SEARCH_PATHS = (
					"$(inherited)",
					"@executable_path/Frameworks",
				);
				MARKETING_VERSION = 1.0;
				PRODUCT_BUNDLE_IDENTIFIER = abdallahiT.NeighStaGram;
				PRODUCT_NAME = "$(TARGET_NAME)";
				SWIFT_EMIT_LOC_STRINGS = YES;
				SWIFT_VERSION = 5.0;
				TARGETED_DEVICE_FAMILY = "1,2";
			};
			name = Debug;
		};
		EC636C8A29B0F1A0005B5D7A /* Release */ = {
			isa = XCBuildConfiguration;
			baseConfigurationReference = 249D0231A27156797927951E /* Pods-NeighStaGram.release.xcconfig */;
			buildSettings = {
				ASSETCATALOG_COMPILER_APPICON_NAME = AppIcon;
				ASSETCATALOG_COMPILER_GLOBAL_ACCENT_COLOR_NAME = AccentColor;
				CODE_SIGN_STYLE = Automatic;
				CURRENT_PROJECT_VERSION = 1;
				DEVELOPMENT_TEAM = VQ86CX5QSX;
				GENERATE_INFOPLIST_FILE = YES;
				INFOPLIST_FILE = NeighStaGram/Info.plist;
				INFOPLIST_KEY_CFBundleDisplayName = NeighStaGram;
				INFOPLIST_KEY_UIApplicationSupportsIndirectInputEvents = YES;
				INFOPLIST_KEY_UILaunchStoryboardName = LaunchScreen;
				INFOPLIST_KEY_UISupportedInterfaceOrientations_iPad = "UIInterfaceOrientationPortrait UIInterfaceOrientationPortraitUpsideDown UIInterfaceOrientationLandscapeLeft UIInterfaceOrientationLandscapeRight";
				INFOPLIST_KEY_UISupportedInterfaceOrientations_iPhone = "UIInterfaceOrientationPortrait UIInterfaceOrientationLandscapeLeft UIInterfaceOrientationLandscapeRight";
				LD_RUNPATH_SEARCH_PATHS = (
					"$(inherited)",
					"@executable_path/Frameworks",
				);
				MARKETING_VERSION = 1.0;
				PRODUCT_BUNDLE_IDENTIFIER = abdallahiT.NeighStaGram;
				PRODUCT_NAME = "$(TARGET_NAME)";
				SWIFT_EMIT_LOC_STRINGS = YES;
				SWIFT_VERSION = 5.0;
				TARGETED_DEVICE_FAMILY = "1,2";
			};
			name = Release;
		};
/* End XCBuildConfiguration section */

/* Begin XCConfigurationList section */
		EC636C6F29B0F199005B5D7A /* Build configuration list for PBXProject "NeighStaGram" */ = {
			isa = XCConfigurationList;
			buildConfigurations = (
				EC636C8629B0F1A0005B5D7A /* Debug */,
				EC636C8729B0F1A0005B5D7A /* Release */,
			);
			defaultConfigurationIsVisible = 0;
			defaultConfigurationName = Release;
		};
		EC636C8829B0F1A0005B5D7A /* Build configuration list for PBXNativeTarget "NeighStaGram" */ = {
			isa = XCConfigurationList;
			buildConfigurations = (
				EC636C8929B0F1A0005B5D7A /* Debug */,
				EC636C8A29B0F1A0005B5D7A /* Release */,
			);
			defaultConfigurationIsVisible = 0;
			defaultConfigurationName = Release;
		};
/* End XCConfigurationList section */

/* Begin XCRemoteSwiftPackageReference section */
		ECCB5F3C29B7877A00124865 /* XCRemoteSwiftPackageReference "firebase-ios-sdk" */ = {
			isa = XCRemoteSwiftPackageReference;
			repositoryURL = "https://github.com/firebase/firebase-ios-sdk";
			requirement = {
				branch = master;
				kind = branch;
			};
		};
/* End XCRemoteSwiftPackageReference section */

/* Begin XCSwiftPackageProductDependency section */
		EC714FFF29BD515600E6C474 /* FirebaseStorage */ = {
			isa = XCSwiftPackageProductDependency;
			package = ECCB5F3C29B7877A00124865 /* XCRemoteSwiftPackageReference "firebase-ios-sdk" */;
			productName = FirebaseStorage;
		};
		ECCB5F3D29B7877B00124865 /* FirebaseAuth */ = {
			isa = XCSwiftPackageProductDependency;
			package = ECCB5F3C29B7877A00124865 /* XCRemoteSwiftPackageReference "firebase-ios-sdk" */;
			productName = FirebaseAuth;
		};
		ECCB5F3F29B7877B00124865 /* FirebaseFirestore */ = {
			isa = XCSwiftPackageProductDependency;
			package = ECCB5F3C29B7877A00124865 /* XCRemoteSwiftPackageReference "firebase-ios-sdk" */;
			productName = FirebaseFirestore;
		};
/* End XCSwiftPackageProductDependency section */
	};
	rootObject = EC636C6C29B0F199005B5D7A /* Project object */;
}
